
Microsoft Visual Studio Solution File, Format Version 12.00
# Visual Studio Version 17
VisualStudioVersion = 17.8.34511.84
MinimumVisualStudioVersion = 10.0.40219.1
Project("{FAE04EC0-301F-11D3-BF4B-00C04F79EFBC}") = "Projeto01", "Projeto01\Projeto01.csproj", "{B90CE5C1-91B7-4DD9-8791-D65CD2BBDF9B}"
EndProject
Global
	GlobalSection(SolutionConfigurationPlatforms) = preSolution
		Debug|Any CPU = Debug|Any CPU
		Release|Any CPU = Release|Any CPU
	EndGlobalSection
	GlobalSection(ProjectConfigurationPlatforms) = postSolution
		{B90CE5C1-91B7-4DD9-8791-D65CD2BBDF9B}.Debug|Any CPU.ActiveCfg = Debug|Any CPU
		{B90CE5C1-91B7-4DD9-8791-D65CD2BBDF9B}.Debug|Any CPU.Build.0 = Debug|Any CPU
		{B90CE5C1-91B7-4DD9-8791-D65CD2BBDF9B}.Release|Any CPU.ActiveCfg = Release|Any CPU
		{B90CE5C1-91B7-4DD9-8791-D65CD2BBDF9B}.Release|Any CPU.Build.0 = Release|Any CPU
	EndGlobalSection
	GlobalSection(SolutionProperties) = preSolution
		HideSolutionNode = FALSE
	EndGlobalSection
	GlobalSection(ExtensibilityGlobals) = postSolution
		SolutionGuid = {25CE11BF-8F06-4D7A-BAC6-C28283EF274C}
	EndGlobalSection
EndGlobal
